
Microsoft Visual Studio Solution File, Format Version 12.00
# Visual Studio Version 16
VisualStudioVersion = 16.0.31129.286
MinimumVisualStudioVersion = 10.0.40219.1
Project("{9A19103F-16F7-4668-BE54-9A1E7A4F7556}") = "YeniBlogProject", "YeniBlogProject\YeniBlogProject.csproj", "{E7B492C0-8BF5-44D1-AF2A-C41F41FE36D0}"
EndProject
Global
	GlobalSection(SolutionConfigurationPlatforms) = preSolution
		Debug|Any CPU = Debug|Any CPU
		Release|Any CPU = Release|Any CPU
	EndGlobalSection
	GlobalSection(ProjectConfigurationPlatforms) = postSolution
		{E7B492C0-8BF5-44D1-AF2A-C41F41FE36D0}.Debug|Any CPU.ActiveCfg = Debug|Any CPU
		{E7B492C0-8BF5-44D1-AF2A-C41F41FE36D0}.Debug|Any CPU.Build.0 = Debug|Any CPU
		{E7B492C0-8BF5-44D1-AF2A-C41F41FE36D0}.Release|Any CPU.ActiveCfg = Release|Any CPU
		{E7B492C0-8BF5-44D1-AF2A-C41F41FE36D0}.Release|Any CPU.Build.0 = Release|Any CPU
	EndGlobalSection
	GlobalSection(SolutionProperties) = preSolution
		HideSolutionNode = FALSE
	EndGlobalSection
	GlobalSection(ExtensibilityGlobals) = postSolution
		SolutionGuid = {C23F02E0-5CD5-4C89-941F-DC92262DB807}
	EndGlobalSection
	GlobalSection(TeamFoundationVersionControl) = preSolution
		SccNumberOfProjects = 2
		SccEnterpriseProvider = {4CA58AB2-18FA-4F8D-95D4-32DDF27D184C}
		SccTeamFoundationServer = https://dev.azure.com/sbhysl
		SccLocalPath0 = .
		SccProjectUniqueName1 = YeniBlogProject\\YeniBlogProject.csproj
		SccProjectName1 = YeniBlogProject
		SccLocalPath1 = YeniBlogProject
	EndGlobalSection
EndGlobal
